
Microsoft Visual Studio Solution File, Format Version 12.00
# Visual Studio 2013
VisualStudioVersion = 12.0.30723.0
MinimumVisualStudioVersion = 10.0.40219.1
Project("{8BC9CEB8-8B4A-11D0-8D11-00A0C91BC942}") = "cse167", "cse167\cse167.vcxproj", "{BD366D5F-7D29-46B7-AEFD-1EEB970F4CD2}"
EndProject
Project("{8BC9CEB8-8B4A-11D0-8D11-00A0C91BC942}") = "FirstPersonView", "FirstPersonView\FirstPersonView.vcxproj", "{CCF2A901-B047-4DC0-B8D8-0FC9B3B71FA1}"
EndProject
Project("{8BC9CEB8-8B4A-11D0-8D11-00A0C91BC942}") = "ThirdPersonView", "ThirdPersonView\ThirdPersonView.vcxproj", "{600AC164-7326-4D4C-B515-A63E18FD6C8E}"
EndProject
Global
	GlobalSection(SolutionConfigurationPlatforms) = preSolution
		Debug|Win32 = Debug|Win32
		Release|Win32 = Release|Win32
	EndGlobalSection
	GlobalSection(ProjectConfigurationPlatforms) = postSolution
		{BD366D5F-7D29-46B7-AEFD-1EEB970F4CD2}.Debug|Win32.ActiveCfg = Debug|Win32
		{BD366D5F-7D29-46B7-AEFD-1EEB970F4CD2}.Debug|Win32.Build.0 = Debug|Win32
		{BD366D5F-7D29-46B7-AEFD-1EEB970F4CD2}.Release|Win32.ActiveCfg = Release|Win32
		{BD366D5F-7D29-46B7-AEFD-1EEB970F4CD2}.Release|Win32.Build.0 = Release|Win32
		{CCF2A901-B047-4DC0-B8D8-0FC9B3B71FA1}.Debug|Win32.ActiveCfg = Debug|Win32
		{CCF2A901-B047-4DC0-B8D8-0FC9B3B71FA1}.Debug|Win32.Build.0 = Debug|Win32
		{CCF2A901-B047-4DC0-B8D8-0FC9B3B71FA1}.Release|Win32.ActiveCfg = Release|Win32
		{CCF2A901-B047-4DC0-B8D8-0FC9B3B71FA1}.Release|Win32.Build.0 = Release|Win32
		{600AC164-7326-4D4C-B515-A63E18FD6C8E}.Debug|Win32.ActiveCfg = Debug|Win32
		{600AC164-7326-4D4C-B515-A63E18FD6C8E}.Debug|Win32.Build.0 = Debug|Win32
		{600AC164-7326-4D4C-B515-A63E18FD6C8E}.Release|Win32.ActiveCfg = Release|Win32
		{600AC164-7326-4D4C-B515-A63E18FD6C8E}.Release|Win32.Build.0 = Release|Win32
	EndGlobalSection
	GlobalSection(SolutionProperties) = preSolution
		HideSolutionNode = FALSE
	EndGlobalSection
EndGlobal
